// !$*UTF8*$!
{
	archiveVersion = 1;
	classes = {
	};
	objectVersion = 46;
	objects = {

/* Begin PBXBuildFile section */
		228067D31E9E4F70001DA2B2 /* ItemCollectionViewCell.swift in Sources */ = {isa = PBXBuildFile; fileRef = 228067D21E9E4F70001DA2B2 /* ItemCollectionViewCell.swift */; };
		228B84A71E97ECDD00B07818 /* Geotification.swift in Sources */ = {isa = PBXBuildFile; fileRef = 228B84A61E97ECDD00B07818 /* Geotification.swift */; };
		228B84A91E97ED7500B07818 /* Utilities.swift in Sources */ = {isa = PBXBuildFile; fileRef = 228B84A81E97ED7500B07818 /* Utilities.swift */; };
		228B84AB1E97F1B100B07818 /* Item.swift in Sources */ = {isa = PBXBuildFile; fileRef = 228B84AA1E97F1B100B07818 /* Item.swift */; };
		22B2076D1E9D6B7E00D36315 /* AddGeotificationViewController.swift in Sources */ = {isa = PBXBuildFile; fileRef = 22B2076C1E9D6B7E00D36315 /* AddGeotificationViewController.swift */; };
		91442EE21E8BF78B001A89B7 /* AppDelegate.swift in Sources */ = {isa = PBXBuildFile; fileRef = 91442EE11E8BF78B001A89B7 /* AppDelegate.swift */; };
		91442EE91E8BF78B001A89B7 /* Assets.xcassets in Resources */ = {isa = PBXBuildFile; fileRef = 91442EE81E8BF78B001A89B7 /* Assets.xcassets */; };
		91442EEC1E8BF78B001A89B7 /* LaunchScreen.storyboard in Resources */ = {isa = PBXBuildFile; fileRef = 91442EEA1E8BF78B001A89B7 /* LaunchScreen.storyboard */; };
		9171472F1E9296A200D2CDE7 /* LocalizationViewController.swift in Sources */ = {isa = PBXBuildFile; fileRef = 9171472E1E9296A200D2CDE7 /* LocalizationViewController.swift */; };
		917147331E929FD100D2CDE7 /* ItemsDB.swift in Sources */ = {isa = PBXBuildFile; fileRef = 917147321E929FD100D2CDE7 /* ItemsDB.swift */; };
		AE5056EC1E8ED7A500A7FA3A /* ButtonScreenViewController.swift in Sources */ = {isa = PBXBuildFile; fileRef = AE5056EB1E8ED7A500A7FA3A /* ButtonScreenViewController.swift */; };
		AE5056F01E8EEFC900A7FA3A /* Home.storyboard in Resources */ = {isa = PBXBuildFile; fileRef = AE5056EF1E8EEFC900A7FA3A /* Home.storyboard */; };
/* End PBXBuildFile section */

/* Begin PBXFileReference section */
		228067D21E9E4F70001DA2B2 /* ItemCollectionViewCell.swift */ = {isa = PBXFileReference; fileEncoding = 4; lastKnownFileType = sourcecode.swift; path = ItemCollectionViewCell.swift; sourceTree = "<group>"; };
		228B84A61E97ECDD00B07818 /* Geotification.swift */ = {isa = PBXFileReference; fileEncoding = 4; lastKnownFileType = sourcecode.swift; path = Geotification.swift; sourceTree = "<group>"; };
		228B84A81E97ED7500B07818 /* Utilities.swift */ = {isa = PBXFileReference; fileEncoding = 4; lastKnownFileType = sourcecode.swift; path = Utilities.swift; sourceTree = "<group>"; };
		228B84AA1E97F1B100B07818 /* Item.swift */ = {isa = PBXFileReference; fileEncoding = 4; lastKnownFileType = sourcecode.swift; path = Item.swift; sourceTree = "<group>"; };
		22B2076C1E9D6B7E00D36315 /* AddGeotificationViewController.swift */ = {isa = PBXFileReference; fileEncoding = 4; lastKnownFileType = sourcecode.swift; path = AddGeotificationViewController.swift; sourceTree = "<group>"; };
		91442EDE1E8BF78B001A89B7 /* remember-project.app */ = {isa = PBXFileReference; explicitFileType = wrapper.application; includeInIndex = 0; path = "remember-project.app"; sourceTree = BUILT_PRODUCTS_DIR; };
		91442EE11E8BF78B001A89B7 /* AppDelegate.swift */ = {isa = PBXFileReference; lastKnownFileType = sourcecode.swift; path = AppDelegate.swift; sourceTree = "<group>"; };
		91442EE81E8BF78B001A89B7 /* Assets.xcassets */ = {isa = PBXFileReference; lastKnownFileType = folder.assetcatalog; path = Assets.xcassets; sourceTree = "<group>"; };
		91442EEB1E8BF78B001A89B7 /* Base */ = {isa = PBXFileReference; lastKnownFileType = file.storyboard; name = Base; path = Base.lproj/LaunchScreen.storyboard; sourceTree = "<group>"; };
		91442EED1E8BF78C001A89B7 /* Info.plist */ = {isa = PBXFileReference; lastKnownFileType = text.plist.xml; path = Info.plist; sourceTree = "<group>"; };
		9171472E1E9296A200D2CDE7 /* LocalizationViewController.swift */ = {isa = PBXFileReference; fileEncoding = 4; lastKnownFileType = sourcecode.swift; path = LocalizationViewController.swift; sourceTree = "<group>"; };
		917147321E929FD100D2CDE7 /* ItemsDB.swift */ = {isa = PBXFileReference; fileEncoding = 4; lastKnownFileType = sourcecode.swift; path = ItemsDB.swift; sourceTree = "<group>"; };
		AE5056EB1E8ED7A500A7FA3A /* ButtonScreenViewController.swift */ = {isa = PBXFileReference; fileEncoding = 4; lastKnownFileType = sourcecode.swift; path = ButtonScreenViewController.swift; sourceTree = "<group>"; };
		AE5056EF1E8EEFC900A7FA3A /* Home.storyboard */ = {isa = PBXFileReference; fileEncoding = 4; lastKnownFileType = file.storyboard; name = Home.storyboard; path = ../Home.storyboard; sourceTree = "<group>"; };
/* End PBXFileReference section */

/* Begin PBXFrameworksBuildPhase section */
		91442EDB1E8BF78B001A89B7 /* Frameworks */ = {
			isa = PBXFrameworksBuildPhase;
			buildActionMask = 2147483647;
			files = (
			);
			runOnlyForDeploymentPostprocessing = 0;
		};
/* End PBXFrameworksBuildPhase section */

/* Begin PBXGroup section */
		228B84AC1E97F52800B07818 /* Model */ = {
			isa = PBXGroup;
			children = (
				228B84A61E97ECDD00B07818 /* Geotification.swift */,
				228B84AA1E97F1B100B07818 /* Item.swift */,
				917147321E929FD100D2CDE7 /* ItemsDB.swift */,
				228067D21E9E4F70001DA2B2 /* ItemCollectionViewCell.swift */,
			);
			name = Model;
			sourceTree = "<group>";
		};
		91442ED51E8BF78B001A89B7 = {
			isa = PBXGroup;
			children = (
				91442EE01E8BF78B001A89B7 /* remember-project */,
				91442EDF1E8BF78B001A89B7 /* Products */,
			);
			sourceTree = "<group>";
		};
		91442EDF1E8BF78B001A89B7 /* Products */ = {
			isa = PBXGroup;
			children = (
				91442EDE1E8BF78B001A89B7 /* remember-project.app */,
			);
			name = Products;
			sourceTree = "<group>";
		};
		91442EE01E8BF78B001A89B7 /* remember-project */ = {
			isa = PBXGroup;
			children = (
				91442EE11E8BF78B001A89B7 /* AppDelegate.swift */,
				228B84AC1E97F52800B07818 /* Model */,
				917147341E93C92000D2CDE7 /* ViewController */,
				228B84A81E97ED7500B07818 /* Utilities.swift */,
				AE5056EF1E8EEFC900A7FA3A /* Home.storyboard */,
				91442EEA1E8BF78B001A89B7 /* LaunchScreen.storyboard */,
				91442EED1E8BF78C001A89B7 /* Info.plist */,
				91442EE81E8BF78B001A89B7 /* Assets.xcassets */,
			);
			path = "remember-project";
			sourceTree = "<group>";
		};
		917147341E93C92000D2CDE7 /* ViewController */ = {
			isa = PBXGroup;
			children = (
				9171472E1E9296A200D2CDE7 /* LocalizationViewController.swift */,
				AE5056EB1E8ED7A500A7FA3A /* ButtonScreenViewController.swift */,
				22B2076C1E9D6B7E00D36315 /* AddGeotificationViewController.swift */,
			);
			name = ViewController;
			sourceTree = "<group>";
		};
/* End PBXGroup section */

/* Begin PBXNativeTarget section */
		91442EDD1E8BF78B001A89B7 /* remember-project */ = {
			isa = PBXNativeTarget;
			buildConfigurationList = 91442EF01E8BF78C001A89B7 /* Build configuration list for PBXNativeTarget "remember-project" */;
			buildPhases = (
				91442EDA1E8BF78B001A89B7 /* Sources */,
				91442EDB1E8BF78B001A89B7 /* Frameworks */,
				91442EDC1E8BF78B001A89B7 /* Resources */,
			);
			buildRules = (
			);
			dependencies = (
			);
			name = "remember-project";
			productName = "remember-project";
			productReference = 91442EDE1E8BF78B001A89B7 /* remember-project.app */;
			productType = "com.apple.product-type.application";
		};
/* End PBXNativeTarget section */

/* Begin PBXProject section */
		91442ED61E8BF78B001A89B7 /* Project object */ = {
			isa = PBXProject;
			attributes = {
				LastSwiftUpdateCheck = 0830;
				LastUpgradeCheck = 0830;
				ORGANIZATIONNAME = "Lucas Tarsitani";
				TargetAttributes = {
					91442EDD1E8BF78B001A89B7 = {
						CreatedOnToolsVersion = 8.3;
						DevelopmentTeam = D7J47JG8UC;
						ProvisioningStyle = Automatic;
					};
				};
			};
			buildConfigurationList = 91442ED91E8BF78B001A89B7 /* Build configuration list for PBXProject "remember-project" */;
			compatibilityVersion = "Xcode 3.2";
			developmentRegion = English;
			hasScannedForEncodings = 0;
			knownRegions = (
				en,
				Base,
			);
			mainGroup = 91442ED51E8BF78B001A89B7;
			productRefGroup = 91442EDF1E8BF78B001A89B7 /* Products */;
			projectDirPath = "";
			projectRoot = "";
			targets = (
				91442EDD1E8BF78B001A89B7 /* remember-project */,
			);
		};
/* End PBXProject section */

/* Begin PBXResourcesBuildPhase section */
		91442EDC1E8BF78B001A89B7 /* Resources */ = {
			isa = PBXResourcesBuildPhase;
			buildActionMask = 2147483647;
			files = (
				AE5056F01E8EEFC900A7FA3A /* Home.storyboard in Resources */,
				91442EEC1E8BF78B001A89B7 /* LaunchScreen.storyboard in Resources */,
				91442EE91E8BF78B001A89B7 /* Assets.xcassets in Resources */,
			);
			runOnlyForDeploymentPostprocessing = 0;
		};
/* End PBXResourcesBuildPhase section */

/* Begin PBXSourcesBuildPhase section */
		91442EDA1E8BF78B001A89B7 /* Sources */ = {
			isa = PBXSourcesBuildPhase;
			buildActionMask = 2147483647;
			files = (
				9171472F1E9296A200D2CDE7 /* LocalizationViewController.swift in Sources */,
				228067D31E9E4F70001DA2B2 /* ItemCollectionViewCell.swift in Sources */,
				228B84A71E97ECDD00B07818 /* Geotification.swift in Sources */,
				228B84AB1E97F1B100B07818 /* Item.swift in Sources */,
				228B84A91E97ED7500B07818 /* Utilities.swift in Sources */,
				AE5056EC1E8ED7A500A7FA3A /* ButtonScreenViewController.swift in Sources */,
				917147331E929FD100D2CDE7 /* ItemsDB.swift in Sources */,
				22B2076D1E9D6B7E00D36315 /* AddGeotificationViewController.swift in Sources */,
				91442EE21E8BF78B001A89B7 /* AppDelegate.swift in Sources */,
			);
			runOnlyForDeploymentPostprocessing = 0;
		};
/* End PBXSourcesBuildPhase section */

/* Begin PBXVariantGroup section */
		91442EEA1E8BF78B001A89B7 /* LaunchScreen.storyboard */ = {
			isa = PBXVariantGroup;
			children = (
				91442EEB1E8BF78B001A89B7 /* Base */,
			);
			name = LaunchScreen.storyboard;
			sourceTree = "<group>";
		};
/* End PBXVariantGroup section */

/* Begin XCBuildConfiguration section */
		91442EEE1E8BF78C001A89B7 /* Debug */ = {
			isa = XCBuildConfiguration;
			buildSettings = {
				ALWAYS_SEARCH_USER_PATHS = NO;
				CLANG_ANALYZER_NONNULL = YES;
				CLANG_ANALYZER_NUMBER_OBJECT_CONVERSION = YES_AGGRESSIVE;
				CLANG_CXX_LANGUAGE_STANDARD = "gnu++0x";
				CLANG_CXX_LIBRARY = "libc++";
				CLANG_ENABLE_MODULES = YES;
				CLANG_ENABLE_OBJC_ARC = YES;
				CLANG_WARN_BOOL_CONVERSION = YES;
				CLANG_WARN_CONSTANT_CONVERSION = YES;
				CLANG_WARN_DIRECT_OBJC_ISA_USAGE = YES_ERROR;
				CLANG_WARN_DOCUMENTATION_COMMENTS = YES;
				CLANG_WARN_EMPTY_BODY = YES;
				CLANG_WARN_ENUM_CONVERSION = YES;
				CLANG_WARN_INFINITE_RECURSION = YES;
				CLANG_WARN_INT_CONVERSION = YES;
				CLANG_WARN_OBJC_ROOT_CLASS = YES_ERROR;
				CLANG_WARN_SUSPICIOUS_MOVE = YES;
				CLANG_WARN_UNREACHABLE_CODE = YES;
				CLANG_WARN__DUPLICATE_METHOD_MATCH = YES;
				"CODE_SIGN_IDENTITY[sdk=iphoneos*]" = "iPhone Developer";
				COPY_PHASE_STRIP = NO;
				DEBUG_INFORMATION_FORMAT = dwarf;
				ENABLE_STRICT_OBJC_MSGSEND = YES;
				ENABLE_TESTABILITY = YES;
				GCC_C_LANGUAGE_STANDARD = gnu99;
				GCC_DYNAMIC_NO_PIC = NO;
				GCC_NO_COMMON_BLOCKS = YES;
				GCC_OPTIMIZATION_LEVEL = 0;
				GCC_PREPROCESSOR_DEFINITIONS = (
					"DEBUG=1",
					"$(inherited)",
				);
				GCC_WARN_64_TO_32_BIT_CONVERSION = YES;
				GCC_WARN_ABOUT_RETURN_TYPE = YES_ERROR;
				GCC_WARN_UNDECLARED_SELECTOR = YES;
				GCC_WARN_UNINITIALIZED_AUTOS = YES_AGGRESSIVE;
				GCC_WARN_UNUSED_FUNCTION = YES;
				GCC_WARN_UNUSED_VARIABLE = YES;
				IPHONEOS_DEPLOYMENT_TARGET = 10.3;
				MTL_ENABLE_DEBUG_INFO = YES;
				ONLY_ACTIVE_ARCH = YES;
				SDKROOT = iphoneos;
				SWIFT_ACTIVE_COMPILATION_CONDITIONS = DEBUG;
				SWIFT_OPTIMIZATION_LEVEL = "-Onone";
			};
			name = Debug;
		};
		91442EEF1E8BF78C001A89B7 /* Release */ = {
			isa = XCBuildConfiguration;
			buildSettings = {
				ALWAYS_SEARCH_USER_PATHS = NO;
				CLANG_ANALYZER_NONNULL = YES;
				CLANG_ANALYZER_NUMBER_OBJECT_CONVERSION = YES_AGGRESSIVE;
				CLANG_CXX_LANGUAGE_STANDARD = "gnu++0x";
				CLANG_CXX_LIBRARY = "libc++";
				CLANG_ENABLE_MODULES = YES;
				CLANG_ENABLE_OBJC_ARC = YES;
				CLANG_WARN_BOOL_CONVERSION = YES;
				CLANG_WARN_CONSTANT_CONVERSION = YES;
				CLANG_WARN_DIRECT_OBJC_ISA_USAGE = YES_ERROR;
				CLANG_WARN_DOCUMENTATION_COMMENTS = YES;
				CLANG_WARN_EMPTY_BODY = YES;
				CLANG_WARN_ENUM_CONVERSION = YES;
				CLANG_WARN_INFINITE_RECURSION = YES;
				CLANG_WARN_INT_CONVERSION = YES;
				CLANG_WARN_OBJC_ROOT_CLASS = YES_ERROR;
				CLANG_WARN_SUSPICIOUS_MOVE = YES;
				CLANG_WARN_UNREACHABLE_CODE = YES;
				CLANG_WARN__DUPLICATE_METHOD_MATCH = YES;
				"CODE_SIGN_IDENTITY[sdk=iphoneos*]" = "iPhone Developer";
				COPY_PHASE_STRIP = NO;
				DEBUG_INFORMATION_FORMAT = "dwarf-with-dsym";
				ENABLE_NS_ASSERTIONS = NO;
				ENABLE_STRICT_OBJC_MSGSEND = YES;
				GCC_C_LANGUAGE_STANDARD = gnu99;
				GCC_NO_COMMON_BLOCKS = YES;
				GCC_WARN_64_TO_32_BIT_CONVERSION = YES;
				GCC_WARN_ABOUT_RETURN_TYPE = YES_ERROR;
				GCC_WARN_UNDECLARED_SELECTOR = YES;
				GCC_WARN_UNINITIALIZED_AUTOS = YES_AGGRESSIVE;
				GCC_WARN_UNUSED_FUNCTION = YES;
				GCC_WARN_UNUSED_VARIABLE = YES;
				IPHONEOS_DEPLOYMENT_TARGET = 10.3;
				MTL_ENABLE_DEBUG_INFO = NO;
				SDKROOT = iphoneos;
				SWIFT_OPTIMIZATION_LEVEL = "-Owholemodule";
				VALIDATE_PRODUCT = YES;
			};
			name = Release;
		};
		91442EF11E8BF78C001A89B7 /* Debug */ = {
			isa = XCBuildConfiguration;
			buildSettings = {
				ASSETCATALOG_COMPILER_APPICON_NAME = AppIcon;
				DEVELOPMENT_TEAM = D7J47JG8UC;
				INFOPLIST_FILE = "remember-project/Info.plist";
				LD_RUNPATH_SEARCH_PATHS = "$(inherited) @executable_path/Frameworks";
				PRODUCT_BUNDLE_IDENTIFIER = "com.Tarsi.remember-project";
				PRODUCT_NAME = "$(TARGET_NAME)";
				SWIFT_VERSION = 3.0;
			};
			name = Debug;
		};
		91442EF21E8BF78C001A89B7 /* Release */ = {
			isa = XCBuildConfiguration;
			buildSettings = {
				ASSETCATALOG_COMPILER_APPICON_NAME = AppIcon;
				DEVELOPMENT_TEAM = D7J47JG8UC;
				INFOPLIST_FILE = "remember-project/Info.plist";
				LD_RUNPATH_SEARCH_PATHS = "$(inherited) @executable_path/Frameworks";
				PRODUCT_BUNDLE_IDENTIFIER = "com.Tarsi.remember-project";
				PRODUCT_NAME = "$(TARGET_NAME)";
				SWIFT_VERSION = 3.0;
			};
			name = Release;
		};
/* End XCBuildConfiguration section */

/* Begin XCConfigurationList section */
		91442ED91E8BF78B001A89B7 /* Build configuration list for PBXProject "remember-project" */ = {
			isa = XCConfigurationList;
			buildConfigurations = (
				91442EEE1E8BF78C001A89B7 /* Debug */,
				91442EEF1E8BF78C001A89B7 /* Release */,
			);
			defaultConfigurationIsVisible = 0;
			defaultConfigurationName = Release;
		};
		91442EF01E8BF78C001A89B7 /* Build configuration list for PBXNativeTarget "remember-project" */ = {
			isa = XCConfigurationList;
			buildConfigurations = (
				91442EF11E8BF78C001A89B7 /* Debug */,
				91442EF21E8BF78C001A89B7 /* Release */,
			);
			defaultConfigurationIsVisible = 0;
			defaultConfigurationName = Release;
		};
/* End XCConfigurationList section */
	};
	rootObject = 91442ED61E8BF78B001A89B7 /* Project object */;
}
